
Microsoft Visual Studio Solution File, Format Version 12.00
# Visual Studio 14
VisualStudioVersion = 14.0.24720.0
MinimumVisualStudioVersion = 10.0.40219.1
Project("{FAE04EC0-301F-11D3-BF4B-00C04F79EFBC}") = "DaoApp_WinForm", "DaoApp_WinForm\DaoApp_WinForm.csproj", "{D2E66445-1775-4DF9-A028-724FD35CA4F3}"
EndProject
Global
	GlobalSection(SolutionConfigurationPlatforms) = preSolution
		Debug|Any CPU = Debug|Any CPU
		Release|Any CPU = Release|Any CPU
	EndGlobalSection
	GlobalSection(ProjectConfigurationPlatforms) = postSolution
		{D2E66445-1775-4DF9-A028-724FD35CA4F3}.Debug|Any CPU.ActiveCfg = Debug|Any CPU
		{D2E66445-1775-4DF9-A028-724FD35CA4F3}.Debug|Any CPU.Build.0 = Debug|Any CPU
		{D2E66445-1775-4DF9-A028-724FD35CA4F3}.Release|Any CPU.ActiveCfg = Release|Any CPU
		{D2E66445-1775-4DF9-A028-724FD35CA4F3}.Release|Any CPU.Build.0 = Release|Any CPU
	EndGlobalSection
	GlobalSection(SolutionProperties) = preSolution
		HideSolutionNode = FALSE
	EndGlobalSection
EndGlobal
